
Microsoft Visual Studio Solution File, Format Version 10.00
# Visual Studio 2008
Project("{8BC9CEB8-8B4A-11D0-8D11-00A0C91BC942}") = "聊天室", "聊天室\聊天室.vcproj", "{F16F3F92-A513-4A73-8ED3-5CF4C45EC3FA}"
EndProject
Global
	GlobalSection(SolutionConfigurationPlatforms) = preSolution
		Debug|Win32 = Debug|Win32
		Release|Win32 = Release|Win32
	EndGlobalSection
	GlobalSection(ProjectConfigurationPlatforms) = postSolution
		{F16F3F92-A513-4A73-8ED3-5CF4C45EC3FA}.Debug|Win32.ActiveCfg = Debug|Win32
		{F16F3F92-A513-4A73-8ED3-5CF4C45EC3FA}.Debug|Win32.Build.0 = Debug|Win32
		{F16F3F92-A513-4A73-8ED3-5CF4C45EC3FA}.Release|Win32.ActiveCfg = Release|Win32
		{F16F3F92-A513-4A73-8ED3-5CF4C45EC3FA}.Release|Win32.Build.0 = Release|Win32
	EndGlobalSection
	GlobalSection(SolutionProperties) = preSolution
		HideSolutionNode = FALSE
	EndGlobalSection
EndGlobal
